{
	"name": "jinmeilh_wechat_app",
	"version": "1.0.0",
	"lockfileVersion": 1,
	"requires": true,
	"dependencies": {
		"deepmerge": {
			"version": "4.3.1",
			"resolved": "https://registry.npmmirror.com/deepmerge/-/deepmerge-4.3.1.tgz",
			"integrity": "sha512-3sUqbMEc77XqpdNO7FRyRog+eW3ph+GYCbj+rK+uYyRMuwsVy0rMiVtPn+QJlKFvWP/1PYpapqYn0Me2knFn+A==",
			"dev": true
		},
		"echarts": {
			"version": "5.4.3",
			"resolved": "https://registry.npmmirror.com/echarts/-/echarts-5.4.3.tgz",
			"integrity": "sha512-mYKxLxhzy6zyTi/FaEbJMOZU1ULGEQHaeIeuMR5L+JnJTpz+YR03mnnpBhbR4+UYJAgiXgpyTVLffPAjOTLkZA==",
			"requires": {
				"tslib": "2.3.0",
				"zrender": "5.4.4"
			}
		},
		"shvl": {
			"version": "2.0.3",
			"resolved": "https://registry.npmmirror.com/shvl/-/shvl-2.0.3.tgz",
			"integrity": "sha512-V7C6S9Hlol6SzOJPnQ7qzOVEWUQImt3BNmmzh40wObhla3XOYMe4gGiYzLrJd5TFa+cI2f9LKIRJTTKZSTbWgw==",
			"dev": true
		},
		"tslib": {
			"version": "2.3.0",
			"resolved": "https://registry.npmmirror.com/tslib/-/tslib-2.3.0.tgz",
			"integrity": "sha512-N82ooyxVNm6h1riLCoyS9e3fuJ3AMG2zIZs2Gd1ATcSFjSA23Q0fzjjZeh0jbJvWVDZ0cJT8yaNNaaXHzueNjg=="
		},
		"uview-ui": {
			"version": "1.8.8",
			"resolved": "https://registry.npmmirror.com/uview-ui/-/uview-ui-1.8.8.tgz",
			"integrity": "sha512-Osal3yzXiHor0In9OPTZuXTaqTbDglMZ9RGK/MPYDoQQs+y0hrBCUD0Xp5T70C8i2lLu2X6Z11zJhmsQWMR7Jg=="
		},
		"vuex-persistedstate": {
			"version": "4.1.0",
			"resolved": "https://registry.npmmirror.com/vuex-persistedstate/-/vuex-persistedstate-4.1.0.tgz",
			"integrity": "sha512-3SkEj4NqwM69ikJdFVw6gObeB0NHyspRYMYkR/EbhR0hbvAKyR5gksVhtAfY1UYuWUOCCA0QNGwv9pOwdj+XUQ==",
			"dev": true,
			"requires": {
				"deepmerge": "^4.2.2",
				"shvl": "^2.0.3"
			}
		},
		"zrender": {
			"version": "5.4.4",
			"resolved": "https://registry.npmmirror.com/zrender/-/zrender-5.4.4.tgz",
			"integrity": "sha512-0VxCNJ7AGOMCWeHVyTrGzUgrK4asT4ml9PEkeGirAkKNYXYzoPJCLvmyfdoOXcjTHPs10OZVMfD1Rwg16AZyYw==",
			"requires": {
				"tslib": "2.3.0"
			}
		}
	}
}
